
Microsoft Visual Studio Solution File, Format Version 12.00
# Visual Studio 2013
VisualStudioVersion = 12.0.31101.0
MinimumVisualStudioVersion = 10.0.40219.1
Project("{2150E333-8FDC-42A3-9474-1A3956D46DE8}") = "PR44-SharePoint", "PR44-SharePoint", "{D7623CBA-3272-4F38-ACF9-2AFF107DDAEA}"
	ProjectSection(SolutionItems) = preProject
		..\PR44-SharePoint\Model.t4 = ..\PR44-SharePoint\Model.t4
	EndProjectSection
EndProject
Project("{2150E333-8FDC-42A3-9474-1A3956D46DE8}") = "Solution Items", "Solution Items", "{EB9E9681-8DE4-4271-A4F8-BC04E41F2DEC}"
	ProjectSection(SolutionItems) = preProject
		..\PR39-CommonResources\T4Definitions\AssemblyInfo.t4 = ..\PR39-CommonResources\T4Definitions\AssemblyInfo.t4
		create_branch.cmd = create_branch.cmd
		create_tag.cmd = create_tag.cmd
		..\..\SmartFactory\PR39-CommonResources\CASSnippets\INotifyPropertyChanged.snippet = ..\..\SmartFactory\PR39-CommonResources\CASSnippets\INotifyPropertyChanged.snippet
	EndProjectSection
EndProject
Project("{2150E333-8FDC-42A3-9474-1A3956D46DE8}") = "AgileWorkloadTracker", "AgileWorkloadTracker", "{DC42B386-C955-4184-AC9B-52F7E8226047}"
EndProject
Project("{2150E333-8FDC-42A3-9474-1A3956D46DE8}") = "Helpers", "Helpers", "{B898970E-9012-47B7-B7EF-9060EA698D57}"
EndProject
Project("{FAE04EC0-301F-11D3-BF4B-00C04F79EFBC}") = "SiteManagement", "ServerHelpers\SiteManagement\SiteManagement.csproj", "{3E8F983E-BAB2-499F-8BA6-2032B252F90E}"
EndProject
Project("{FAE04EC0-301F-11D3-BF4B-00C04F79EFBC}") = "Scripts", "Scripts\Scripts.csproj", "{A46DAE36-02EA-4302-A476-7AF770CB20C0}"
EndProject
Project("{FAE04EC0-301F-11D3-BF4B-00C04F79EFBC}") = "MakeConsistent", "ServerHelpers\MakeConsistent\MakeConsistent.csproj", "{A588FB6F-FECC-4F6D-8A50-191AF542AF55}"
EndProject
Project("{FAE04EC0-301F-11D3-BF4B-00C04F79EFBC}") = "SharePoint", "..\PR44-SharePoint\Libraries\SharePoint\SharePoint.csproj", "{B9D9FCCA-6132-4BF5-BC17-32EA752D6AD7}"
EndProject
Project("{FAE04EC0-301F-11D3-BF4B-00C04F79EFBC}") = "SPExplorer", "..\..\SmartFactory\PR44-SharePoint\Tools\SPExplorer\SPExplorer.csproj", "{66ABD095-6B8F-411D-9BCF-744287833269}"
EndProject
Project("{2150E333-8FDC-42A3-9474-1A3956D46DE8}") = "WebsiteApplication", "WebsiteApplication", "{8E1F61D8-B5E6-4D41-8A29-9B6FE10A094D}"
EndProject
Project("{FAE04EC0-301F-11D3-BF4B-00C04F79EFBC}") = "AWTWebsite", "WebsiteApplication\AWTWebsite\AWTWebsite.csproj", "{3C290EF1-A0FA-46BB-BC4A-F6B22C832E5A}"
EndProject
Project("{FAE04EC0-301F-11D3-BF4B-00C04F79EFBC}") = "AWTDataModel", "WebsiteApplication\AWTDataModel\AWTDataModel.csproj", "{D079F747-023B-4E7E-859D-ED4C6F4CF1D0}"
EndProject
Project("{FAE04EC0-301F-11D3-BF4B-00C04F79EFBC}") = "AWTWorkflows", "WebsiteApplication\AWTWorkflows\AWTWorkflows.csproj", "{51AF61B3-3932-4C51-9AFC-A5CFCBA8B091}"
EndProject
Project("{FAE04EC0-301F-11D3-BF4B-00C04F79EFBC}") = "AWTDashboards", "WebsiteApplication\AWTDashboards\AWTDashboards.csproj", "{ACEDFFBA-2F1C-42B6-AB0B-F3958397523B}"
EndProject
Project("{2150E333-8FDC-42A3-9474-1A3956D46DE8}") = "Tools", "Tools", "{1D84CACA-A56C-4ED5-AFC2-4F2E00AC3C95}"
EndProject
Project("{2150E333-8FDC-42A3-9474-1A3956D46DE8}") = "Tests", "Tests", "{910A5B2E-9A1B-46EC-B231-7559F4EEDAB2}"
EndProject
Project("{00D1A9C2-B5F0-4AF3-8072-F6C62B433612}") = "AWTArchivalDatabase", "Tools\Tests\AWTArchivalDatabase\AWTArchivalDatabase.sqlproj", "{3B160297-10A8-42E7-BD82-19ED1E1F7B3D}"
EndProject
Global
	GlobalSection(SolutionConfigurationPlatforms) = preSolution
		Debug|Any CPU = Debug|Any CPU
		Debug|Mixed Platforms = Debug|Mixed Platforms
		Debug|x64 = Debug|x64
		Debug|x86 = Debug|x86
		Release|Any CPU = Release|Any CPU
		Release|Mixed Platforms = Release|Mixed Platforms
		Release|x64 = Release|x64
		Release|x86 = Release|x86
	EndGlobalSection
	GlobalSection(ProjectConfigurationPlatforms) = postSolution
		{3E8F983E-BAB2-499F-8BA6-2032B252F90E}.Debug|Any CPU.ActiveCfg = Debug|Any CPU
		{3E8F983E-BAB2-499F-8BA6-2032B252F90E}.Debug|Any CPU.Build.0 = Debug|Any CPU
		{3E8F983E-BAB2-499F-8BA6-2032B252F90E}.Debug|Mixed Platforms.ActiveCfg = Debug|Any CPU
		{3E8F983E-BAB2-499F-8BA6-2032B252F90E}.Debug|Mixed Platforms.Build.0 = Debug|Any CPU
		{3E8F983E-BAB2-499F-8BA6-2032B252F90E}.Debug|x64.ActiveCfg = Debug|Any CPU
		{3E8F983E-BAB2-499F-8BA6-2032B252F90E}.Debug|x86.ActiveCfg = Debug|Any CPU
		{3E8F983E-BAB2-499F-8BA6-2032B252F90E}.Release|Any CPU.ActiveCfg = Release|Any CPU
		{3E8F983E-BAB2-499F-8BA6-2032B252F90E}.Release|Any CPU.Build.0 = Release|Any CPU
		{3E8F983E-BAB2-499F-8BA6-2032B252F90E}.Release|Mixed Platforms.ActiveCfg = Release|Any CPU
		{3E8F983E-BAB2-499F-8BA6-2032B252F90E}.Release|Mixed Platforms.Build.0 = Release|Any CPU
		{3E8F983E-BAB2-499F-8BA6-2032B252F90E}.Release|x64.ActiveCfg = Release|Any CPU
		{3E8F983E-BAB2-499F-8BA6-2032B252F90E}.Release|x86.ActiveCfg = Release|Any CPU
		{A46DAE36-02EA-4302-A476-7AF770CB20C0}.Debug|Any CPU.ActiveCfg = Debug|Any CPU
		{A46DAE36-02EA-4302-A476-7AF770CB20C0}.Debug|Any CPU.Build.0 = Debug|Any CPU
		{A46DAE36-02EA-4302-A476-7AF770CB20C0}.Debug|Mixed Platforms.ActiveCfg = Debug|Any CPU
		{A46DAE36-02EA-4302-A476-7AF770CB20C0}.Debug|Mixed Platforms.Build.0 = Debug|Any CPU
		{A46DAE36-02EA-4302-A476-7AF770CB20C0}.Debug|x64.ActiveCfg = Debug|Any CPU
		{A46DAE36-02EA-4302-A476-7AF770CB20C0}.Debug|x86.ActiveCfg = Debug|Any CPU
		{A46DAE36-02EA-4302-A476-7AF770CB20C0}.Release|Any CPU.ActiveCfg = Release|Any CPU
		{A46DAE36-02EA-4302-A476-7AF770CB20C0}.Release|Any CPU.Build.0 = Release|Any CPU
		{A46DAE36-02EA-4302-A476-7AF770CB20C0}.Release|Mixed Platforms.ActiveCfg = Release|Any CPU
		{A46DAE36-02EA-4302-A476-7AF770CB20C0}.Release|Mixed Platforms.Build.0 = Release|Any CPU
		{A46DAE36-02EA-4302-A476-7AF770CB20C0}.Release|x64.ActiveCfg = Release|Any CPU
		{A46DAE36-02EA-4302-A476-7AF770CB20C0}.Release|x86.ActiveCfg = Release|Any CPU
		{A588FB6F-FECC-4F6D-8A50-191AF542AF55}.Debug|Any CPU.ActiveCfg = Debug|Any CPU
		{A588FB6F-FECC-4F6D-8A50-191AF542AF55}.Debug|Any CPU.Build.0 = Debug|Any CPU
		{A588FB6F-FECC-4F6D-8A50-191AF542AF55}.Debug|Mixed Platforms.ActiveCfg = Debug|Any CPU
		{A588FB6F-FECC-4F6D-8A50-191AF542AF55}.Debug|Mixed Platforms.Build.0 = Debug|Any CPU
		{A588FB6F-FECC-4F6D-8A50-191AF542AF55}.Debug|x64.ActiveCfg = Debug|Any CPU
		{A588FB6F-FECC-4F6D-8A50-191AF542AF55}.Debug|x86.ActiveCfg = Debug|Any CPU
		{A588FB6F-FECC-4F6D-8A50-191AF542AF55}.Release|Any CPU.ActiveCfg = Release|Any CPU
		{A588FB6F-FECC-4F6D-8A50-191AF542AF55}.Release|Any CPU.Build.0 = Release|Any CPU
		{A588FB6F-FECC-4F6D-8A50-191AF542AF55}.Release|Mixed Platforms.ActiveCfg = Release|Any CPU
		{A588FB6F-FECC-4F6D-8A50-191AF542AF55}.Release|Mixed Platforms.Build.0 = Release|Any CPU
		{A588FB6F-FECC-4F6D-8A50-191AF542AF55}.Release|x64.ActiveCfg = Release|Any CPU
		{A588FB6F-FECC-4F6D-8A50-191AF542AF55}.Release|x86.ActiveCfg = Release|Any CPU
		{B9D9FCCA-6132-4BF5-BC17-32EA752D6AD7}.Debug|Any CPU.ActiveCfg = Debug|Any CPU
		{B9D9FCCA-6132-4BF5-BC17-32EA752D6AD7}.Debug|Any CPU.Build.0 = Debug|Any CPU
		{B9D9FCCA-6132-4BF5-BC17-32EA752D6AD7}.Debug|Mixed Platforms.ActiveCfg = Debug|Any CPU
		{B9D9FCCA-6132-4BF5-BC17-32EA752D6AD7}.Debug|Mixed Platforms.Build.0 = Debug|Any CPU
		{B9D9FCCA-6132-4BF5-BC17-32EA752D6AD7}.Debug|x64.ActiveCfg = Debug|x64
		{B9D9FCCA-6132-4BF5-BC17-32EA752D6AD7}.Debug|x64.Build.0 = Debug|x64
		{B9D9FCCA-6132-4BF5-BC17-32EA752D6AD7}.Debug|x86.ActiveCfg = Debug|Any CPU
		{B9D9FCCA-6132-4BF5-BC17-32EA752D6AD7}.Release|Any CPU.ActiveCfg = Release|Any CPU
		{B9D9FCCA-6132-4BF5-BC17-32EA752D6AD7}.Release|Any CPU.Build.0 = Release|Any CPU
		{B9D9FCCA-6132-4BF5-BC17-32EA752D6AD7}.Release|Mixed Platforms.ActiveCfg = Release|Any CPU
		{B9D9FCCA-6132-4BF5-BC17-32EA752D6AD7}.Release|Mixed Platforms.Build.0 = Release|Any CPU
		{B9D9FCCA-6132-4BF5-BC17-32EA752D6AD7}.Release|x64.ActiveCfg = Release|x64
		{B9D9FCCA-6132-4BF5-BC17-32EA752D6AD7}.Release|x64.Build.0 = Release|x64
		{B9D9FCCA-6132-4BF5-BC17-32EA752D6AD7}.Release|x86.ActiveCfg = Release|Any CPU
		{66ABD095-6B8F-411D-9BCF-744287833269}.Debug|Any CPU.ActiveCfg = Debug|Any CPU
		{66ABD095-6B8F-411D-9BCF-744287833269}.Debug|Any CPU.Build.0 = Debug|Any CPU
		{66ABD095-6B8F-411D-9BCF-744287833269}.Debug|Mixed Platforms.ActiveCfg = Debug|Any CPU
		{66ABD095-6B8F-411D-9BCF-744287833269}.Debug|Mixed Platforms.Build.0 = Debug|Any CPU
		{66ABD095-6B8F-411D-9BCF-744287833269}.Debug|x64.ActiveCfg = Debug|Any CPU
		{66ABD095-6B8F-411D-9BCF-744287833269}.Debug|x86.ActiveCfg = Debug|Any CPU
		{66ABD095-6B8F-411D-9BCF-744287833269}.Release|Any CPU.ActiveCfg = Release|Any CPU
		{66ABD095-6B8F-411D-9BCF-744287833269}.Release|Any CPU.Build.0 = Release|Any CPU
		{66ABD095-6B8F-411D-9BCF-744287833269}.Release|Mixed Platforms.ActiveCfg = Release|Any CPU
		{66ABD095-6B8F-411D-9BCF-744287833269}.Release|Mixed Platforms.Build.0 = Release|Any CPU
		{66ABD095-6B8F-411D-9BCF-744287833269}.Release|x64.ActiveCfg = Release|Any CPU
		{66ABD095-6B8F-411D-9BCF-744287833269}.Release|x86.ActiveCfg = Release|Any CPU
		{3C290EF1-A0FA-46BB-BC4A-F6B22C832E5A}.Debug|Any CPU.ActiveCfg = Debug|Any CPU
		{3C290EF1-A0FA-46BB-BC4A-F6B22C832E5A}.Debug|Any CPU.Build.0 = Debug|Any CPU
		{3C290EF1-A0FA-46BB-BC4A-F6B22C832E5A}.Debug|Any CPU.Deploy.0 = Debug|Any CPU
		{3C290EF1-A0FA-46BB-BC4A-F6B22C832E5A}.Debug|Mixed Platforms.ActiveCfg = Debug|Any CPU
		{3C290EF1-A0FA-46BB-BC4A-F6B22C832E5A}.Debug|Mixed Platforms.Build.0 = Debug|Any CPU
		{3C290EF1-A0FA-46BB-BC4A-F6B22C832E5A}.Debug|Mixed Platforms.Deploy.0 = Debug|Any CPU
		{3C290EF1-A0FA-46BB-BC4A-F6B22C832E5A}.Debug|x64.ActiveCfg = Debug|Any CPU
		{3C290EF1-A0FA-46BB-BC4A-F6B22C832E5A}.Debug|x86.ActiveCfg = Debug|Any CPU
		{3C290EF1-A0FA-46BB-BC4A-F6B22C832E5A}.Release|Any CPU.ActiveCfg = Release|Any CPU
		{3C290EF1-A0FA-46BB-BC4A-F6B22C832E5A}.Release|Any CPU.Build.0 = Release|Any CPU
		{3C290EF1-A0FA-46BB-BC4A-F6B22C832E5A}.Release|Any CPU.Deploy.0 = Release|Any CPU
		{3C290EF1-A0FA-46BB-BC4A-F6B22C832E5A}.Release|Mixed Platforms.ActiveCfg = Release|Any CPU
		{3C290EF1-A0FA-46BB-BC4A-F6B22C832E5A}.Release|Mixed Platforms.Build.0 = Release|Any CPU
		{3C290EF1-A0FA-46BB-BC4A-F6B22C832E5A}.Release|Mixed Platforms.Deploy.0 = Release|Any CPU
		{3C290EF1-A0FA-46BB-BC4A-F6B22C832E5A}.Release|x64.ActiveCfg = Release|Any CPU
		{3C290EF1-A0FA-46BB-BC4A-F6B22C832E5A}.Release|x86.ActiveCfg = Release|Any CPU
		{D079F747-023B-4E7E-859D-ED4C6F4CF1D0}.Debug|Any CPU.ActiveCfg = Debug|Any CPU
		{D079F747-023B-4E7E-859D-ED4C6F4CF1D0}.Debug|Any CPU.Build.0 = Debug|Any CPU
		{D079F747-023B-4E7E-859D-ED4C6F4CF1D0}.Debug|Any CPU.Deploy.0 = Debug|Any CPU
		{D079F747-023B-4E7E-859D-ED4C6F4CF1D0}.Debug|Mixed Platforms.ActiveCfg = Debug|Any CPU
		{D079F747-023B-4E7E-859D-ED4C6F4CF1D0}.Debug|Mixed Platforms.Build.0 = Debug|Any CPU
		{D079F747-023B-4E7E-859D-ED4C6F4CF1D0}.Debug|Mixed Platforms.Deploy.0 = Debug|Any CPU
		{D079F747-023B-4E7E-859D-ED4C6F4CF1D0}.Debug|x64.ActiveCfg = Debug|Any CPU
		{D079F747-023B-4E7E-859D-ED4C6F4CF1D0}.Debug|x86.ActiveCfg = Debug|Any CPU
		{D079F747-023B-4E7E-859D-ED4C6F4CF1D0}.Release|Any CPU.ActiveCfg = Release|Any CPU
		{D079F747-023B-4E7E-859D-ED4C6F4CF1D0}.Release|Any CPU.Build.0 = Release|Any CPU
		{D079F747-023B-4E7E-859D-ED4C6F4CF1D0}.Release|Any CPU.Deploy.0 = Release|Any CPU
		{D079F747-023B-4E7E-859D-ED4C6F4CF1D0}.Release|Mixed Platforms.ActiveCfg = Release|Any CPU
		{D079F747-023B-4E7E-859D-ED4C6F4CF1D0}.Release|Mixed Platforms.Build.0 = Release|Any CPU
		{D079F747-023B-4E7E-859D-ED4C6F4CF1D0}.Release|Mixed Platforms.Deploy.0 = Release|Any CPU
		{D079F747-023B-4E7E-859D-ED4C6F4CF1D0}.Release|x64.ActiveCfg = Release|Any CPU
		{D079F747-023B-4E7E-859D-ED4C6F4CF1D0}.Release|x86.ActiveCfg = Release|Any CPU
		{51AF61B3-3932-4C51-9AFC-A5CFCBA8B091}.Debug|Any CPU.ActiveCfg = Debug|Any CPU
		{51AF61B3-3932-4C51-9AFC-A5CFCBA8B091}.Debug|Any CPU.Build.0 = Debug|Any CPU
		{51AF61B3-3932-4C51-9AFC-A5CFCBA8B091}.Debug|Any CPU.Deploy.0 = Debug|Any CPU
		{51AF61B3-3932-4C51-9AFC-A5CFCBA8B091}.Debug|Mixed Platforms.ActiveCfg = Debug|Any CPU
		{51AF61B3-3932-4C51-9AFC-A5CFCBA8B091}.Debug|Mixed Platforms.Build.0 = Debug|Any CPU
		{51AF61B3-3932-4C51-9AFC-A5CFCBA8B091}.Debug|Mixed Platforms.Deploy.0 = Debug|Any CPU
		{51AF61B3-3932-4C51-9AFC-A5CFCBA8B091}.Debug|x64.ActiveCfg = Debug|Any CPU
		{51AF61B3-3932-4C51-9AFC-A5CFCBA8B091}.Debug|x86.ActiveCfg = Debug|Any CPU
		{51AF61B3-3932-4C51-9AFC-A5CFCBA8B091}.Release|Any CPU.ActiveCfg = Release|Any CPU
		{51AF61B3-3932-4C51-9AFC-A5CFCBA8B091}.Release|Any CPU.Build.0 = Release|Any CPU
		{51AF61B3-3932-4C51-9AFC-A5CFCBA8B091}.Release|Any CPU.Deploy.0 = Release|Any CPU
		{51AF61B3-3932-4C51-9AFC-A5CFCBA8B091}.Release|Mixed Platforms.ActiveCfg = Release|Any CPU
		{51AF61B3-3932-4C51-9AFC-A5CFCBA8B091}.Release|Mixed Platforms.Build.0 = Release|Any CPU
		{51AF61B3-3932-4C51-9AFC-A5CFCBA8B091}.Release|Mixed Platforms.Deploy.0 = Release|Any CPU
		{51AF61B3-3932-4C51-9AFC-A5CFCBA8B091}.Release|x64.ActiveCfg = Release|Any CPU
		{51AF61B3-3932-4C51-9AFC-A5CFCBA8B091}.Release|x86.ActiveCfg = Release|Any CPU
		{ACEDFFBA-2F1C-42B6-AB0B-F3958397523B}.Debug|Any CPU.ActiveCfg = Debug|Any CPU
		{ACEDFFBA-2F1C-42B6-AB0B-F3958397523B}.Debug|Any CPU.Build.0 = Debug|Any CPU
		{ACEDFFBA-2F1C-42B6-AB0B-F3958397523B}.Debug|Any CPU.Deploy.0 = Debug|Any CPU
		{ACEDFFBA-2F1C-42B6-AB0B-F3958397523B}.Debug|Mixed Platforms.ActiveCfg = Debug|Any CPU
		{ACEDFFBA-2F1C-42B6-AB0B-F3958397523B}.Debug|Mixed Platforms.Build.0 = Debug|Any CPU
		{ACEDFFBA-2F1C-42B6-AB0B-F3958397523B}.Debug|Mixed Platforms.Deploy.0 = Debug|Any CPU
		{ACEDFFBA-2F1C-42B6-AB0B-F3958397523B}.Debug|x64.ActiveCfg = Debug|Any CPU
		{ACEDFFBA-2F1C-42B6-AB0B-F3958397523B}.Debug|x86.ActiveCfg = Debug|Any CPU
		{ACEDFFBA-2F1C-42B6-AB0B-F3958397523B}.Release|Any CPU.ActiveCfg = Release|Any CPU
		{ACEDFFBA-2F1C-42B6-AB0B-F3958397523B}.Release|Any CPU.Build.0 = Release|Any CPU
		{ACEDFFBA-2F1C-42B6-AB0B-F3958397523B}.Release|Any CPU.Deploy.0 = Release|Any CPU
		{ACEDFFBA-2F1C-42B6-AB0B-F3958397523B}.Release|Mixed Platforms.ActiveCfg = Release|Any CPU
		{ACEDFFBA-2F1C-42B6-AB0B-F3958397523B}.Release|Mixed Platforms.Build.0 = Release|Any CPU
		{ACEDFFBA-2F1C-42B6-AB0B-F3958397523B}.Release|Mixed Platforms.Deploy.0 = Release|Any CPU
		{ACEDFFBA-2F1C-42B6-AB0B-F3958397523B}.Release|x64.ActiveCfg = Release|Any CPU
		{ACEDFFBA-2F1C-42B6-AB0B-F3958397523B}.Release|x86.ActiveCfg = Release|Any CPU
		{3B160297-10A8-42E7-BD82-19ED1E1F7B3D}.Debug|Any CPU.ActiveCfg = Debug|Any CPU
		{3B160297-10A8-42E7-BD82-19ED1E1F7B3D}.Debug|Any CPU.Build.0 = Debug|Any CPU
		{3B160297-10A8-42E7-BD82-19ED1E1F7B3D}.Debug|Any CPU.Deploy.0 = Debug|Any CPU
		{3B160297-10A8-42E7-BD82-19ED1E1F7B3D}.Debug|Mixed Platforms.ActiveCfg = Debug|Any CPU
		{3B160297-10A8-42E7-BD82-19ED1E1F7B3D}.Debug|Mixed Platforms.Build.0 = Debug|Any CPU
		{3B160297-10A8-42E7-BD82-19ED1E1F7B3D}.Debug|Mixed Platforms.Deploy.0 = Debug|Any CPU
		{3B160297-10A8-42E7-BD82-19ED1E1F7B3D}.Debug|x64.ActiveCfg = Debug|Any CPU
		{3B160297-10A8-42E7-BD82-19ED1E1F7B3D}.Debug|x86.ActiveCfg = Debug|Any CPU
		{3B160297-10A8-42E7-BD82-19ED1E1F7B3D}.Release|Any CPU.ActiveCfg = Release|Any CPU
		{3B160297-10A8-42E7-BD82-19ED1E1F7B3D}.Release|Any CPU.Build.0 = Release|Any CPU
		{3B160297-10A8-42E7-BD82-19ED1E1F7B3D}.Release|Any CPU.Deploy.0 = Release|Any CPU
		{3B160297-10A8-42E7-BD82-19ED1E1F7B3D}.Release|Mixed Platforms.ActiveCfg = Release|Any CPU
		{3B160297-10A8-42E7-BD82-19ED1E1F7B3D}.Release|Mixed Platforms.Build.0 = Release|Any CPU
		{3B160297-10A8-42E7-BD82-19ED1E1F7B3D}.Release|Mixed Platforms.Deploy.0 = Release|Any CPU
		{3B160297-10A8-42E7-BD82-19ED1E1F7B3D}.Release|x64.ActiveCfg = Release|Any CPU
		{3B160297-10A8-42E7-BD82-19ED1E1F7B3D}.Release|x86.ActiveCfg = Release|Any CPU
	EndGlobalSection
	GlobalSection(SolutionProperties) = preSolution
		HideSolutionNode = FALSE
	EndGlobalSection
	GlobalSection(NestedProjects) = preSolution
		{3E8F983E-BAB2-499F-8BA6-2032B252F90E} = {B898970E-9012-47B7-B7EF-9060EA698D57}
		{A46DAE36-02EA-4302-A476-7AF770CB20C0} = {B898970E-9012-47B7-B7EF-9060EA698D57}
		{A588FB6F-FECC-4F6D-8A50-191AF542AF55} = {B898970E-9012-47B7-B7EF-9060EA698D57}
		{B9D9FCCA-6132-4BF5-BC17-32EA752D6AD7} = {D7623CBA-3272-4F38-ACF9-2AFF107DDAEA}
		{66ABD095-6B8F-411D-9BCF-744287833269} = {B898970E-9012-47B7-B7EF-9060EA698D57}
		{8E1F61D8-B5E6-4D41-8A29-9B6FE10A094D} = {DC42B386-C955-4184-AC9B-52F7E8226047}
		{3C290EF1-A0FA-46BB-BC4A-F6B22C832E5A} = {8E1F61D8-B5E6-4D41-8A29-9B6FE10A094D}
		{D079F747-023B-4E7E-859D-ED4C6F4CF1D0} = {8E1F61D8-B5E6-4D41-8A29-9B6FE10A094D}
		{51AF61B3-3932-4C51-9AFC-A5CFCBA8B091} = {8E1F61D8-B5E6-4D41-8A29-9B6FE10A094D}
		{ACEDFFBA-2F1C-42B6-AB0B-F3958397523B} = {8E1F61D8-B5E6-4D41-8A29-9B6FE10A094D}
		{1D84CACA-A56C-4ED5-AFC2-4F2E00AC3C95} = {DC42B386-C955-4184-AC9B-52F7E8226047}
		{910A5B2E-9A1B-46EC-B231-7559F4EEDAB2} = {1D84CACA-A56C-4ED5-AFC2-4F2E00AC3C95}
		{3B160297-10A8-42E7-BD82-19ED1E1F7B3D} = {910A5B2E-9A1B-46EC-B231-7559F4EEDAB2}
	EndGlobalSection
EndGlobal
