
Microsoft Visual Studio Solution File, Format Version 12.00
# Visual Studio 2012
Project("{2150E333-8FDC-42A3-9474-1A3956D46DE8}") = "PR44-SharePoint", "PR44-SharePoint", "{D7623CBA-3272-4F38-ACF9-2AFF107DDAEA}"
EndProject
Project("{FAE04EC0-301F-11D3-BF4B-00C04F79EFBC}") = "Website", "Website\Website.csproj", "{3C290EF1-A0FA-46BB-BC4A-F6B22C832E5A}"
EndProject
Project("{FAE04EC0-301F-11D3-BF4B-00C04F79EFBC}") = "Dashboards", "Dashboards\Dashboards.csproj", "{ACEDFFBA-2F1C-42B6-AB0B-F3958397523B}"
	ProjectSection(ProjectDependencies) = postProject
		{B9D9FCCA-6132-4BF5-BC17-32EA752D6AD7} = {B9D9FCCA-6132-4BF5-BC17-32EA752D6AD7}
	EndProjectSection
EndProject
Project("{FAE04EC0-301F-11D3-BF4B-00C04F79EFBC}") = "SPMetalHelper", "SPMetalHelper\SPMetalHelper.csproj", "{23A9A63B-E396-4F45-9F6C-8E9BAA44BFDB}"
EndProject
Project("{FAE04EC0-301F-11D3-BF4B-00C04F79EFBC}") = "ITRDataAccess", "ITRDataAccess\ITRDataAccess.csproj", "{81EC216E-4BE8-406C-8DFE-D5919A08F4F5}"
EndProject
Project("{FAE04EC0-301F-11D3-BF4B-00C04F79EFBC}") = "SharePoint", "..\PR44-SharePoint\SharePoint\SharePoint.csproj", "{B9D9FCCA-6132-4BF5-BC17-32EA752D6AD7}"
EndProject
Project("{FAE04EC0-301F-11D3-BF4B-00C04F79EFBC}") = "SPMetalParametersCreator", "..\PR44-SharePoint\SPMetalParametersCreator\SPMetalParametersCreator.csproj", "{7589DF10-1129-4833-B5BA-321B2F44B747}"
EndProject
Global
	GlobalSection(SolutionConfigurationPlatforms) = preSolution
		Debug|Any CPU = Debug|Any CPU
		Debug|Mixed Platforms = Debug|Mixed Platforms
		Debug|x86 = Debug|x86
		Release|Any CPU = Release|Any CPU
		Release|Mixed Platforms = Release|Mixed Platforms
		Release|x86 = Release|x86
	EndGlobalSection
	GlobalSection(ProjectConfigurationPlatforms) = postSolution
		{3C290EF1-A0FA-46BB-BC4A-F6B22C832E5A}.Debug|Any CPU.ActiveCfg = Debug|Any CPU
		{3C290EF1-A0FA-46BB-BC4A-F6B22C832E5A}.Debug|Any CPU.Build.0 = Debug|Any CPU
		{3C290EF1-A0FA-46BB-BC4A-F6B22C832E5A}.Debug|Any CPU.Deploy.0 = Debug|Any CPU
		{3C290EF1-A0FA-46BB-BC4A-F6B22C832E5A}.Debug|Mixed Platforms.ActiveCfg = Debug|Any CPU
		{3C290EF1-A0FA-46BB-BC4A-F6B22C832E5A}.Debug|Mixed Platforms.Build.0 = Debug|Any CPU
		{3C290EF1-A0FA-46BB-BC4A-F6B22C832E5A}.Debug|Mixed Platforms.Deploy.0 = Debug|Any CPU
		{3C290EF1-A0FA-46BB-BC4A-F6B22C832E5A}.Debug|x86.ActiveCfg = Debug|Any CPU
		{3C290EF1-A0FA-46BB-BC4A-F6B22C832E5A}.Release|Any CPU.ActiveCfg = Release|Any CPU
		{3C290EF1-A0FA-46BB-BC4A-F6B22C832E5A}.Release|Any CPU.Build.0 = Release|Any CPU
		{3C290EF1-A0FA-46BB-BC4A-F6B22C832E5A}.Release|Any CPU.Deploy.0 = Release|Any CPU
		{3C290EF1-A0FA-46BB-BC4A-F6B22C832E5A}.Release|Mixed Platforms.ActiveCfg = Release|Any CPU
		{3C290EF1-A0FA-46BB-BC4A-F6B22C832E5A}.Release|Mixed Platforms.Build.0 = Release|Any CPU
		{3C290EF1-A0FA-46BB-BC4A-F6B22C832E5A}.Release|Mixed Platforms.Deploy.0 = Release|Any CPU
		{3C290EF1-A0FA-46BB-BC4A-F6B22C832E5A}.Release|x86.ActiveCfg = Release|Any CPU
		{ACEDFFBA-2F1C-42B6-AB0B-F3958397523B}.Debug|Any CPU.ActiveCfg = Debug|Any CPU
		{ACEDFFBA-2F1C-42B6-AB0B-F3958397523B}.Debug|Any CPU.Build.0 = Debug|Any CPU
		{ACEDFFBA-2F1C-42B6-AB0B-F3958397523B}.Debug|Any CPU.Deploy.0 = Debug|Any CPU
		{ACEDFFBA-2F1C-42B6-AB0B-F3958397523B}.Debug|Mixed Platforms.ActiveCfg = Debug|Any CPU
		{ACEDFFBA-2F1C-42B6-AB0B-F3958397523B}.Debug|Mixed Platforms.Build.0 = Debug|Any CPU
		{ACEDFFBA-2F1C-42B6-AB0B-F3958397523B}.Debug|Mixed Platforms.Deploy.0 = Debug|Any CPU
		{ACEDFFBA-2F1C-42B6-AB0B-F3958397523B}.Debug|x86.ActiveCfg = Debug|Any CPU
		{ACEDFFBA-2F1C-42B6-AB0B-F3958397523B}.Release|Any CPU.ActiveCfg = Release|Any CPU
		{ACEDFFBA-2F1C-42B6-AB0B-F3958397523B}.Release|Any CPU.Build.0 = Release|Any CPU
		{ACEDFFBA-2F1C-42B6-AB0B-F3958397523B}.Release|Any CPU.Deploy.0 = Release|Any CPU
		{ACEDFFBA-2F1C-42B6-AB0B-F3958397523B}.Release|Mixed Platforms.ActiveCfg = Release|Any CPU
		{ACEDFFBA-2F1C-42B6-AB0B-F3958397523B}.Release|Mixed Platforms.Build.0 = Release|Any CPU
		{ACEDFFBA-2F1C-42B6-AB0B-F3958397523B}.Release|Mixed Platforms.Deploy.0 = Release|Any CPU
		{ACEDFFBA-2F1C-42B6-AB0B-F3958397523B}.Release|x86.ActiveCfg = Release|Any CPU
		{23A9A63B-E396-4F45-9F6C-8E9BAA44BFDB}.Debug|Any CPU.ActiveCfg = Debug|Any CPU
		{23A9A63B-E396-4F45-9F6C-8E9BAA44BFDB}.Debug|Any CPU.Build.0 = Debug|Any CPU
		{23A9A63B-E396-4F45-9F6C-8E9BAA44BFDB}.Debug|Mixed Platforms.ActiveCfg = Debug|Any CPU
		{23A9A63B-E396-4F45-9F6C-8E9BAA44BFDB}.Debug|Mixed Platforms.Build.0 = Debug|Any CPU
		{23A9A63B-E396-4F45-9F6C-8E9BAA44BFDB}.Debug|x86.ActiveCfg = Debug|x86
		{23A9A63B-E396-4F45-9F6C-8E9BAA44BFDB}.Debug|x86.Build.0 = Debug|x86
		{23A9A63B-E396-4F45-9F6C-8E9BAA44BFDB}.Release|Any CPU.ActiveCfg = Release|Any CPU
		{23A9A63B-E396-4F45-9F6C-8E9BAA44BFDB}.Release|Any CPU.Build.0 = Release|Any CPU
		{23A9A63B-E396-4F45-9F6C-8E9BAA44BFDB}.Release|Mixed Platforms.ActiveCfg = Release|Any CPU
		{23A9A63B-E396-4F45-9F6C-8E9BAA44BFDB}.Release|Mixed Platforms.Build.0 = Release|Any CPU
		{23A9A63B-E396-4F45-9F6C-8E9BAA44BFDB}.Release|x86.ActiveCfg = Release|x86
		{23A9A63B-E396-4F45-9F6C-8E9BAA44BFDB}.Release|x86.Build.0 = Release|x86
		{81EC216E-4BE8-406C-8DFE-D5919A08F4F5}.Debug|Any CPU.ActiveCfg = Debug|Any CPU
		{81EC216E-4BE8-406C-8DFE-D5919A08F4F5}.Debug|Any CPU.Build.0 = Debug|Any CPU
		{81EC216E-4BE8-406C-8DFE-D5919A08F4F5}.Debug|Mixed Platforms.ActiveCfg = Debug|Any CPU
		{81EC216E-4BE8-406C-8DFE-D5919A08F4F5}.Debug|Mixed Platforms.Build.0 = Debug|Any CPU
		{81EC216E-4BE8-406C-8DFE-D5919A08F4F5}.Debug|x86.ActiveCfg = Debug|Any CPU
		{81EC216E-4BE8-406C-8DFE-D5919A08F4F5}.Release|Any CPU.ActiveCfg = Release|Any CPU
		{81EC216E-4BE8-406C-8DFE-D5919A08F4F5}.Release|Any CPU.Build.0 = Release|Any CPU
		{81EC216E-4BE8-406C-8DFE-D5919A08F4F5}.Release|Mixed Platforms.ActiveCfg = Release|Any CPU
		{81EC216E-4BE8-406C-8DFE-D5919A08F4F5}.Release|Mixed Platforms.Build.0 = Release|Any CPU
		{81EC216E-4BE8-406C-8DFE-D5919A08F4F5}.Release|x86.ActiveCfg = Release|Any CPU
		{B9D9FCCA-6132-4BF5-BC17-32EA752D6AD7}.Debug|Any CPU.ActiveCfg = Debug|Any CPU
		{B9D9FCCA-6132-4BF5-BC17-32EA752D6AD7}.Debug|Any CPU.Build.0 = Debug|Any CPU
		{B9D9FCCA-6132-4BF5-BC17-32EA752D6AD7}.Debug|Mixed Platforms.ActiveCfg = Debug|Any CPU
		{B9D9FCCA-6132-4BF5-BC17-32EA752D6AD7}.Debug|Mixed Platforms.Build.0 = Debug|Any CPU
		{B9D9FCCA-6132-4BF5-BC17-32EA752D6AD7}.Debug|x86.ActiveCfg = Debug|Any CPU
		{B9D9FCCA-6132-4BF5-BC17-32EA752D6AD7}.Release|Any CPU.ActiveCfg = Release|Any CPU
		{B9D9FCCA-6132-4BF5-BC17-32EA752D6AD7}.Release|Any CPU.Build.0 = Release|Any CPU
		{B9D9FCCA-6132-4BF5-BC17-32EA752D6AD7}.Release|Mixed Platforms.ActiveCfg = Release|Any CPU
		{B9D9FCCA-6132-4BF5-BC17-32EA752D6AD7}.Release|Mixed Platforms.Build.0 = Release|Any CPU
		{B9D9FCCA-6132-4BF5-BC17-32EA752D6AD7}.Release|x86.ActiveCfg = Release|Any CPU
		{7589DF10-1129-4833-B5BA-321B2F44B747}.Debug|Any CPU.ActiveCfg = Debug|Any CPU
		{7589DF10-1129-4833-B5BA-321B2F44B747}.Debug|Any CPU.Build.0 = Debug|Any CPU
		{7589DF10-1129-4833-B5BA-321B2F44B747}.Debug|Mixed Platforms.ActiveCfg = Debug|Any CPU
		{7589DF10-1129-4833-B5BA-321B2F44B747}.Debug|Mixed Platforms.Build.0 = Debug|Any CPU
		{7589DF10-1129-4833-B5BA-321B2F44B747}.Debug|x86.ActiveCfg = Debug|x86
		{7589DF10-1129-4833-B5BA-321B2F44B747}.Debug|x86.Build.0 = Debug|x86
		{7589DF10-1129-4833-B5BA-321B2F44B747}.Release|Any CPU.ActiveCfg = Release|Any CPU
		{7589DF10-1129-4833-B5BA-321B2F44B747}.Release|Any CPU.Build.0 = Release|Any CPU
		{7589DF10-1129-4833-B5BA-321B2F44B747}.Release|Mixed Platforms.ActiveCfg = Release|Any CPU
		{7589DF10-1129-4833-B5BA-321B2F44B747}.Release|Mixed Platforms.Build.0 = Release|Any CPU
		{7589DF10-1129-4833-B5BA-321B2F44B747}.Release|x86.ActiveCfg = Release|x86
		{7589DF10-1129-4833-B5BA-321B2F44B747}.Release|x86.Build.0 = Release|x86
	EndGlobalSection
	GlobalSection(SolutionProperties) = preSolution
		HideSolutionNode = FALSE
	EndGlobalSection
	GlobalSection(NestedProjects) = preSolution
		{B9D9FCCA-6132-4BF5-BC17-32EA752D6AD7} = {D7623CBA-3272-4F38-ACF9-2AFF107DDAEA}
		{7589DF10-1129-4833-B5BA-321B2F44B747} = {D7623CBA-3272-4F38-ACF9-2AFF107DDAEA}
	EndGlobalSection
EndGlobal
